
Microsoft Visual Studio Solution File, Format Version 12.00
# Visual Studio Version 17
VisualStudioVersion = 17.8.34330.188
MinimumVisualStudioVersion = 10.0.40219.1
Project("{FAE04EC0-301F-11D3-BF4B-00C04F79EFBC}") = "C#", "C#.csproj", "{3CFD288F-0CB4-40BC-A3AC-BB0B38AAAFEC}"
EndProject
Global
	GlobalSection(SolutionConfigurationPlatforms) = preSolution
		Debug|Any CPU = Debug|Any CPU
		Release|Any CPU = Release|Any CPU
	EndGlobalSection
	GlobalSection(ProjectConfigurationPlatforms) = postSolution
		{3CFD288F-0CB4-40BC-A3AC-BB0B38AAAFEC}.Debug|Any CPU.ActiveCfg = Debug|Any CPU
		{3CFD288F-0CB4-40BC-A3AC-BB0B38AAAFEC}.Debug|Any CPU.Build.0 = Debug|Any CPU
		{3CFD288F-0CB4-40BC-A3AC-BB0B38AAAFEC}.Release|Any CPU.ActiveCfg = Release|Any CPU
		{3CFD288F-0CB4-40BC-A3AC-BB0B38AAAFEC}.Release|Any CPU.Build.0 = Release|Any CPU
	EndGlobalSection
	GlobalSection(SolutionProperties) = preSolution
		HideSolutionNode = FALSE
	EndGlobalSection
	GlobalSection(ExtensibilityGlobals) = postSolution
		SolutionGuid = {946570D6-7842-4178-86B3-730AC1941C0B}
	EndGlobalSection
EndGlobal
